PODS:
  - Google-Mobile-Ads-SDK (7.47.0):
    - GoogleAppMeasurement (~> 6.0)
  - GoogleAppMeasurement (6.0.4):
    - GoogleUtilities/AppDelegateSwizzler (~> 6.0)
    - GoogleUtilities/MethodSwizzler (~> 6.0)
    - GoogleUtilities/Network (~> 6.0)
    - "GoogleUtilities/NSData+zlib (~> 6.0)"
    - nanopb (~> 0.3)
  - GoogleMobileAdsMediationNend (5.1.1.0):
    - Google-Mobile-Ads-SDK (>= 7.42.2)
    - NendSDK_iOS (= 5.1.1)
  - GoogleUtilities/AppDelegateSwizzler (6.2.3):
    - GoogleUtilities/Environment
    - GoogleUtilities/Logger
    - GoogleUtilities/Network
  - GoogleUtilities/Environment (6.2.3)
  - GoogleUtilities/Logger (6.2.3):
    - GoogleUtilities/Environment
  - GoogleUtilities/MethodSwizzler (6.2.3):
    - GoogleUtilities/Logger
  - GoogleUtilities/Network (6.2.3):
    - GoogleUtilities/Logger
    - "GoogleUtilities/NSData+zlib"
    - GoogleUtilities/Reachability
  - "GoogleUtilities/NSData+zlib (6.2.3)"
  - GoogleUtilities/Reachability (6.2.3):
    - GoogleUtilities/Logger
  - MGFinderView (2.1)
  - nanopb (0.3.901):
    - nanopb/decode (= 0.3.901)
    - nanopb/encode (= 0.3.901)
  - nanopb/decode (0.3.901)
  - nanopb/encode (0.3.901)
  - NendSDK_iOS (5.1.1)
  - PersonalizedAdConsent (1.0.3)
  - PureLayout (3.1.4)
  - SwiftyStoreKit (0.15.0)

DEPENDENCIES:
  - GoogleMobileAdsMediationNend
  - MGFinderView
  - PersonalizedAdConsent
  - PureLayout
  - SwiftyStoreKit

SPEC REPOS:
  https://github.com/cocoapods/specs.git:
    - Google-Mobile-Ads-SDK
    - GoogleAppMeasurement
    - GoogleMobileAdsMediationNend
    - GoogleUtilities
    - MGFinderView
    - nanopb
    - NendSDK_iOS
    - PersonalizedAdConsent
    - PureLayout
    - SwiftyStoreKit

SPEC CHECKSUMS:
  Google-Mobile-Ads-SDK: a10b30f4a51a3283df7df3c9ea7e84553b508e4b
  GoogleAppMeasurement: 183bd916af7f80deb67c01888368f1108d641832
  GoogleMobileAdsMediationNend: a701cf86a46fe0c95bdf2c861044256e157b3bda
  GoogleUtilities: d2b0e277a95962e09bb27f5cd42f5f0b6a506c7d
  MGFinderView: e5fad71f21a8a4faabeee6d804b2d9abb41575b1
  nanopb: 2901f78ea1b7b4015c860c2fdd1ea2fee1a18d48
  NendSDK_iOS: 0e86624061da461eb5a8e825e7b955e556f61541
  PersonalizedAdConsent: b50a8a5d6065b6db23121e8fcc0dce2ae983f6ea
  PureLayout: f08c01b8dec00bb14a1fefa3de4c7d9c265df85e
  SwiftyStoreKit: 033d06b6f87955405d3f844a18a7687c2438592a

PODFILE CHECKSUM: 9897f9497654e67ed8cbbf348e9f89bf2fc98026

COCOAPODS: 1.7.4
